
Microsoft Visual Studio Solution File, Format Version 12.00
# Visual Studio 15
Project("{FAE04EC0-301F-11D3-BF4B-00C04F79EFBC}") = "EngraveMemory.Android", "EngraveMemory.Android\EngraveMemory.Android.csproj", "{82490F72-003C-4F4E-9E65-D7A0D69ABF36}"
EndProject
Project("{FAE04EC0-301F-11D3-BF4B-00C04F79EFBC}") = "EngraveMemory.iOS", "EngraveMemory.iOS\EngraveMemory.iOS.csproj", "{47020EC2-4973-4C2E-ACF5-B76BA3AB7820}"
EndProject
Project("{FAE04EC0-301F-11D3-BF4B-00C04F79EFBC}") = "EngraveMemory", "EngraveMemory\EngraveMemory.csproj", "{7920FDF6-BB3F-4AEE-8274-CFB862B014A7}"
EndProject
Global
	GlobalSection(SolutionConfigurationPlatforms) = preSolution
		Debug|Any CPU = Debug|Any CPU
		Release|Any CPU = Release|Any CPU
		Debug|iPhoneSimulator = Debug|iPhoneSimulator
		Release|iPhoneSimulator = Release|iPhoneSimulator
		Debug|iPhone = Debug|iPhone
		Release|iPhone = Release|iPhone
		Ad-Hoc|iPhone = Ad-Hoc|iPhone
		AppStore|iPhone = AppStore|iPhone
	EndGlobalSection
	GlobalSection(ProjectConfigurationPlatforms) = postSolution
		{82490F72-003C-4F4E-9E65-D7A0D69ABF36}.Debug|Any CPU.ActiveCfg = Debug|Any CPU
		{82490F72-003C-4F4E-9E65-D7A0D69ABF36}.Debug|Any CPU.Build.0 = Debug|Any CPU
		{82490F72-003C-4F4E-9E65-D7A0D69ABF36}.Release|Any CPU.ActiveCfg = Release|Any CPU
		{82490F72-003C-4F4E-9E65-D7A0D69ABF36}.Release|Any CPU.Build.0 = Release|Any CPU
		{82490F72-003C-4F4E-9E65-D7A0D69ABF36}.Debug|iPhoneSimulator.ActiveCfg = Debug|Any CPU
		{82490F72-003C-4F4E-9E65-D7A0D69ABF36}.Debug|iPhoneSimulator.Build.0 = Debug|Any CPU
		{82490F72-003C-4F4E-9E65-D7A0D69ABF36}.Release|iPhoneSimulator.ActiveCfg = Release|Any CPU
		{82490F72-003C-4F4E-9E65-D7A0D69ABF36}.Release|iPhoneSimulator.Build.0 = Release|Any CPU
		{82490F72-003C-4F4E-9E65-D7A0D69ABF36}.Debug|iPhone.ActiveCfg = Debug|Any CPU
		{82490F72-003C-4F4E-9E65-D7A0D69ABF36}.Debug|iPhone.Build.0 = Debug|Any CPU
		{82490F72-003C-4F4E-9E65-D7A0D69ABF36}.Release|iPhone.ActiveCfg = Release|Any CPU
		{82490F72-003C-4F4E-9E65-D7A0D69ABF36}.Release|iPhone.Build.0 = Release|Any CPU
		{82490F72-003C-4F4E-9E65-D7A0D69ABF36}.Ad-Hoc|iPhone.ActiveCfg = Debug|Any CPU
		{82490F72-003C-4F4E-9E65-D7A0D69ABF36}.Ad-Hoc|iPhone.Build.0 = Debug|Any CPU
		{82490F72-003C-4F4E-9E65-D7A0D69ABF36}.AppStore|iPhone.ActiveCfg = Debug|Any CPU
		{82490F72-003C-4F4E-9E65-D7A0D69ABF36}.AppStore|iPhone.Build.0 = Debug|Any CPU
		{47020EC2-4973-4C2E-ACF5-B76BA3AB7820}.Debug|Any CPU.ActiveCfg = Debug|iPhoneSimulator
		{47020EC2-4973-4C2E-ACF5-B76BA3AB7820}.Debug|Any CPU.Build.0 = Debug|iPhoneSimulator
		{47020EC2-4973-4C2E-ACF5-B76BA3AB7820}.Release|Any CPU.ActiveCfg = Release|iPhoneSimulator
		{47020EC2-4973-4C2E-ACF5-B76BA3AB7820}.Release|Any CPU.Build.0 = Release|iPhoneSimulator
		{47020EC2-4973-4C2E-ACF5-B76BA3AB7820}.Debug|iPhoneSimulator.ActiveCfg = Debug|iPhoneSimulator
		{47020EC2-4973-4C2E-ACF5-B76BA3AB7820}.Debug|iPhoneSimulator.Build.0 = Debug|iPhoneSimulator
		{47020EC2-4973-4C2E-ACF5-B76BA3AB7820}.Release|iPhoneSimulator.ActiveCfg = Release|iPhoneSimulator
		{47020EC2-4973-4C2E-ACF5-B76BA3AB7820}.Release|iPhoneSimulator.Build.0 = Release|iPhoneSimulator
		{47020EC2-4973-4C2E-ACF5-B76BA3AB7820}.Debug|iPhone.ActiveCfg = Debug|iPhone
		{47020EC2-4973-4C2E-ACF5-B76BA3AB7820}.Debug|iPhone.Build.0 = Debug|iPhone
		{47020EC2-4973-4C2E-ACF5-B76BA3AB7820}.Release|iPhone.ActiveCfg = Release|iPhone
		{47020EC2-4973-4C2E-ACF5-B76BA3AB7820}.Release|iPhone.Build.0 = Release|iPhone
		{47020EC2-4973-4C2E-ACF5-B76BA3AB7820}.Ad-Hoc|iPhone.ActiveCfg = Ad-Hoc|iPhone
		{47020EC2-4973-4C2E-ACF5-B76BA3AB7820}.Ad-Hoc|iPhone.Build.0 = Ad-Hoc|iPhone
		{47020EC2-4973-4C2E-ACF5-B76BA3AB7820}.AppStore|iPhone.ActiveCfg = AppStore|iPhone
		{47020EC2-4973-4C2E-ACF5-B76BA3AB7820}.AppStore|iPhone.Build.0 = AppStore|iPhone
		{7920FDF6-BB3F-4AEE-8274-CFB862B014A7}.Debug|Any CPU.ActiveCfg = Debug|Any CPU
		{7920FDF6-BB3F-4AEE-8274-CFB862B014A7}.Debug|Any CPU.Build.0 = Debug|Any CPU
		{7920FDF6-BB3F-4AEE-8274-CFB862B014A7}.Release|Any CPU.ActiveCfg = Release|Any CPU
		{7920FDF6-BB3F-4AEE-8274-CFB862B014A7}.Release|Any CPU.Build.0 = Release|Any CPU
		{7920FDF6-BB3F-4AEE-8274-CFB862B014A7}.Debug|iPhoneSimulator.ActiveCfg = Debug|Any CPU
		{7920FDF6-BB3F-4AEE-8274-CFB862B014A7}.Debug|iPhoneSimulator.Build.0 = Debug|Any CPU
		{7920FDF6-BB3F-4AEE-8274-CFB862B014A7}.Release|iPhoneSimulator.ActiveCfg = Release|Any CPU
		{7920FDF6-BB3F-4AEE-8274-CFB862B014A7}.Release|iPhoneSimulator.Build.0 = Release|Any CPU
		{7920FDF6-BB3F-4AEE-8274-CFB862B014A7}.Debug|iPhone.ActiveCfg = Debug|Any CPU
		{7920FDF6-BB3F-4AEE-8274-CFB862B014A7}.Debug|iPhone.Build.0 = Debug|Any CPU
		{7920FDF6-BB3F-4AEE-8274-CFB862B014A7}.Release|iPhone.ActiveCfg = Release|Any CPU
		{7920FDF6-BB3F-4AEE-8274-CFB862B014A7}.Release|iPhone.Build.0 = Release|Any CPU
		{7920FDF6-BB3F-4AEE-8274-CFB862B014A7}.Ad-Hoc|iPhone.ActiveCfg = Debug|Any CPU
		{7920FDF6-BB3F-4AEE-8274-CFB862B014A7}.Ad-Hoc|iPhone.Build.0 = Debug|Any CPU
		{7920FDF6-BB3F-4AEE-8274-CFB862B014A7}.AppStore|iPhone.ActiveCfg = Debug|Any CPU
		{7920FDF6-BB3F-4AEE-8274-CFB862B014A7}.AppStore|iPhone.Build.0 = Debug|Any CPU
	EndGlobalSection
EndGlobal
